
Microsoft Visual Studio Solution File, Format Version 12.00
# Visual Studio Version 17
VisualStudioVersion = 17.8.34205.153
MinimumVisualStudioVersion = 10.0.40219.1
Project("{FAE04EC0-301F-11D3-BF4B-00C04F79EFBC}") = "MatrixSort", "MatrixSort\MatrixSort.csproj", "{57ACB316-B4F2-450F-9F5E-43D51D13D798}"
EndProject
Global
	GlobalSection(SolutionConfigurationPlatforms) = preSolution
		Debug|Any CPU = Debug|Any CPU
		Release|Any CPU = Release|Any CPU
	EndGlobalSection
	GlobalSection(ProjectConfigurationPlatforms) = postSolution
		{57ACB316-B4F2-450F-9F5E-43D51D13D798}.Debug|Any CPU.ActiveCfg = Debug|Any CPU
		{57ACB316-B4F2-450F-9F5E-43D51D13D798}.Debug|Any CPU.Build.0 = Debug|Any CPU
		{57ACB316-B4F2-450F-9F5E-43D51D13D798}.Release|Any CPU.ActiveCfg = Release|Any CPU
		{57ACB316-B4F2-450F-9F5E-43D51D13D798}.Release|Any CPU.Build.0 = Release|Any CPU
	EndGlobalSection
	GlobalSection(SolutionProperties) = preSolution
		HideSolutionNode = FALSE
	EndGlobalSection
	GlobalSection(ExtensibilityGlobals) = postSolution
		SolutionGuid = {44E3D4B1-DC7D-4E0D-AA78-E2A492240336}
	EndGlobalSection
EndGlobal
